Microsoft Visual Studio Solution File, Format Version 11.00
# Visual Studio 2008

Project("{DC5CFAA3-7418-ED95-2F31-1FD761622CCE}") = "SandGame", "Assembly-CSharp.csproj", "{A59046BB-B4E9-E25A-7B65-BF471A9252B0}"
EndProject
Global
	GlobalSection(SolutionConfigurationPlatforms) = preSolution
		Debug|Any CPU = Debug|Any CPU
		Release|Any CPU = Release|Any CPU
	EndGlobalSection
	GlobalSection(ProjectConfigurationPlatforms) = postSolution
		{A59046BB-B4E9-E25A-7B65-BF471A9252B0}.Debug|Any CPU.ActiveCfg = Debug|Any CPU
		{A59046BB-B4E9-E25A-7B65-BF471A9252B0}.Debug|Any CPU.Build.0 = Debug|Any CPU
		{A59046BB-B4E9-E25A-7B65-BF471A9252B0}.Release|Any CPU.ActiveCfg = Release|Any CPU
		{A59046BB-B4E9-E25A-7B65-BF471A9252B0}.Release|Any CPU.Build.0 = Release|Any CPU
	EndGlobalSection
	GlobalSection(SolutionProperties) = preSolution
		HideSolutionNode = FALSE
	EndGlobalSection
	GlobalSection(MonoDevelopProperties) = preSolution
		StartupItem = Assembly-CSharp.csproj
	EndGlobalSection
EndGlobal
